
Microsoft Visual Studio Solution File, Format Version 12.00
# Visual Studio 15
VisualStudioVersion = 15.0.27130.2024
MinimumVisualStudioVersion = 10.0.40219.1
Project("{FAE04EC0-301F-11D3-BF4B-00C04F79EFBC}") = "UDR.Game", "UDR.Game\UDR.Game.csproj", "{97573BD3-0165-4912-8BBE-A20BCCA199E2}"
EndProject
Project("{FAE04EC0-301F-11D3-BF4B-00C04F79EFBC}") = "UDR.Game.Tests", "UDR.Game.Tests\UDR.Game.Tests.csproj", "{E018767D-F60C-4999-89A8-D06361F70FEA}"
EndProject
Global
	GlobalSection(SolutionConfigurationPlatforms) = preSolution
		Debug|Any CPU = Debug|Any CPU
		Release|Any CPU = Release|Any CPU
	EndGlobalSection
	GlobalSection(ProjectConfigurationPlatforms) = postSolution
		{97573BD3-0165-4912-8BBE-A20BCCA199E2}.Debug|Any CPU.ActiveCfg = Debug|Any CPU
		{97573BD3-0165-4912-8BBE-A20BCCA199E2}.Debug|Any CPU.Build.0 = Debug|Any CPU
		{97573BD3-0165-4912-8BBE-A20BCCA199E2}.Release|Any CPU.ActiveCfg = Release|Any CPU
		{97573BD3-0165-4912-8BBE-A20BCCA199E2}.Release|Any CPU.Build.0 = Release|Any CPU
		{E018767D-F60C-4999-89A8-D06361F70FEA}.Debug|Any CPU.ActiveCfg = Debug|Any CPU
		{E018767D-F60C-4999-89A8-D06361F70FEA}.Debug|Any CPU.Build.0 = Debug|Any CPU
		{E018767D-F60C-4999-89A8-D06361F70FEA}.Release|Any CPU.ActiveCfg = Release|Any CPU
		{E018767D-F60C-4999-89A8-D06361F70FEA}.Release|Any CPU.Build.0 = Release|Any CPU
	EndGlobalSection
	GlobalSection(SolutionProperties) = preSolution
		HideSolutionNode = FALSE
	EndGlobalSection
	GlobalSection(ExtensibilityGlobals) = postSolution
		SolutionGuid = {68DD2996-5684-456F-8E1B-9A55FD9B51C7}
	EndGlobalSection
EndGlobal
